
Microsoft Visual Studio Solution File, Format Version 12.00
# Visual Studio Version 16
VisualStudioVersion = 16.0.31829.152
MinimumVisualStudioVersion = 10.0.40219.1
Project("{FAE04EC0-301F-11D3-BF4B-00C04F79EFBC}") = "EditorPDF", "EditorPDF\EditorPDF.csproj", "{6CD4E721-6DDB-4B7A-BD78-C16EF83B4C18}"
EndProject
Global
	GlobalSection(SolutionConfigurationPlatforms) = preSolution
		Debug|Any CPU = Debug|Any CPU
		Release|Any CPU = Release|Any CPU
	EndGlobalSection
	GlobalSection(ProjectConfigurationPlatforms) = postSolution
		{6CD4E721-6DDB-4B7A-BD78-C16EF83B4C18}.Debug|Any CPU.ActiveCfg = Debug|Any CPU
		{6CD4E721-6DDB-4B7A-BD78-C16EF83B4C18}.Debug|Any CPU.Build.0 = Debug|Any CPU
		{6CD4E721-6DDB-4B7A-BD78-C16EF83B4C18}.Release|Any CPU.ActiveCfg = Release|Any CPU
		{6CD4E721-6DDB-4B7A-BD78-C16EF83B4C18}.Release|Any CPU.Build.0 = Release|Any CPU
	EndGlobalSection
	GlobalSection(SolutionProperties) = preSolution
		HideSolutionNode = FALSE
	EndGlobalSection
	GlobalSection(ExtensibilityGlobals) = postSolution
		SolutionGuid = {8740DF99-D1E3-4B87-9D5C-58C19592D391}
	EndGlobalSection
EndGlobal
